
Microsoft Visual Studio Solution File, Format Version 12.00
# Visual Studio Version 16
VisualStudioVersion = 16.0.810.19
MinimumVisualStudioVersion = 10.0.40219.1
Project("{FAE04EC0-301F-11D3-BF4B-00C04F79EFBC}") = "Functions", "Functions\Functions.csproj", "{F2BEE949-DAFD-43E4-AABC-BA4F47449847}"
EndProject
Project("{FAE04EC0-301F-11D3-BF4B-00C04F79EFBC}") = "UseNameData", "UseNameData\UseNameData.csproj", "{DAF42181-B252-4029-BCBB-5607787CE921}"
EndProject
Project("{FAE04EC0-301F-11D3-BF4B-00C04F79EFBC}") = "UserNameDataTask", "UserNameDataTask\UserNameDataTask.csproj", "{DEF39074-75D6-463F-BB69-5C97468E1D61}"
EndProject
Global
	GlobalSection(SolutionConfigurationPlatforms) = preSolution
		Debug|Any CPU = Debug|Any CPU
		Release|Any CPU = Release|Any CPU
	EndGlobalSection
	GlobalSection(ProjectConfigurationPlatforms) = postSolution
		{F2BEE949-DAFD-43E4-AABC-BA4F47449847}.Debug|Any CPU.ActiveCfg = Debug|Any CPU
		{F2BEE949-DAFD-43E4-AABC-BA4F47449847}.Debug|Any CPU.Build.0 = Debug|Any CPU
		{F2BEE949-DAFD-43E4-AABC-BA4F47449847}.Release|Any CPU.ActiveCfg = Release|Any CPU
		{F2BEE949-DAFD-43E4-AABC-BA4F47449847}.Release|Any CPU.Build.0 = Release|Any CPU
		{DAF42181-B252-4029-BCBB-5607787CE921}.Debug|Any CPU.ActiveCfg = Debug|Any CPU
		{DAF42181-B252-4029-BCBB-5607787CE921}.Debug|Any CPU.Build.0 = Debug|Any CPU
		{DAF42181-B252-4029-BCBB-5607787CE921}.Release|Any CPU.ActiveCfg = Release|Any CPU
		{DAF42181-B252-4029-BCBB-5607787CE921}.Release|Any CPU.Build.0 = Release|Any CPU
		{DEF39074-75D6-463F-BB69-5C97468E1D61}.Debug|Any CPU.ActiveCfg = Debug|Any CPU
		{DEF39074-75D6-463F-BB69-5C97468E1D61}.Debug|Any CPU.Build.0 = Debug|Any CPU
		{DEF39074-75D6-463F-BB69-5C97468E1D61}.Release|Any CPU.ActiveCfg = Release|Any CPU
		{DEF39074-75D6-463F-BB69-5C97468E1D61}.Release|Any CPU.Build.0 = Release|Any CPU
	EndGlobalSection
	GlobalSection(SolutionProperties) = preSolution
		HideSolutionNode = FALSE
	EndGlobalSection
	GlobalSection(ExtensibilityGlobals) = postSolution
		SolutionGuid = {27BD1BB2-A3A5-4AB8-97B4-AA618E9564D5}
	EndGlobalSection
EndGlobal
